
Microsoft Visual Studio Solution File, Format Version 11.00
# Visual Studio 2010
Project("{FAE04EC0-301F-11D3-BF4B-00C04F79EFBC}") = "Assembly-CSharp", "Assembly-CSharp.csproj", "{F56056FF-6C5B-8189-C545-73BAEE2E0862}"
EndProject
Project("{FAE04EC0-301F-11D3-BF4B-00C04F79EFBC}") = "Assembly-CSharp-Editor", "Assembly-CSharp-Editor.csproj", "{9DDA0845-3B41-C0F6-77D7-BF3372D714EB}"
EndProject
Global
	GlobalSection(SolutionConfigurationPlatforms) = preSolution
		Debug|Any CPU = Debug|Any CPU
		Release|Any CPU = Release|Any CPU
	EndGlobalSection
	GlobalSection(ProjectConfigurationPlatforms) = postSolution
		{F56056FF-6C5B-8189-C545-73BAEE2E0862}.Debug|Any CPU.ActiveCfg = Debug|Any CPU
		{F56056FF-6C5B-8189-C545-73BAEE2E0862}.Debug|Any CPU.Build.0 = Debug|Any CPU
		{F56056FF-6C5B-8189-C545-73BAEE2E0862}.Release|Any CPU.ActiveCfg = Release|Any CPU
		{F56056FF-6C5B-8189-C545-73BAEE2E0862}.Release|Any CPU.Build.0 = Release|Any CPU
		{9DDA0845-3B41-C0F6-77D7-BF3372D714EB}.Debug|Any CPU.ActiveCfg = Debug|Any CPU
		{9DDA0845-3B41-C0F6-77D7-BF3372D714EB}.Debug|Any CPU.Build.0 = Debug|Any CPU
		{9DDA0845-3B41-C0F6-77D7-BF3372D714EB}.Release|Any CPU.ActiveCfg = Release|Any CPU
		{9DDA0845-3B41-C0F6-77D7-BF3372D714EB}.Release|Any CPU.Build.0 = Release|Any CPU
	EndGlobalSection
	GlobalSection(SolutionProperties) = preSolution
		HideSolutionNode = FALSE
	EndGlobalSection
EndGlobal
